// !$*UTF8*$!
{
	archiveVersion = 1;
	classes = {
	};
	objectVersion = 50;
	objects = {

/* Begin PBXBuildFile section */
		EB4623EC25E574B2005EEF27 /* CustomTableViewCell.swift in Sources */ = {isa = PBXBuildFile; fileRef = EB4623EB25E574B2005EEF27 /* CustomTableViewCell.swift */; };
		EB50E1CB25E4E98400E9C71F /* AppDelegate.swift in Sources */ = {isa = PBXBuildFile; fileRef = EB50E1CA25E4E98400E9C71F /* AppDelegate.swift */; };
		EB50E1CD25E4E98400E9C71F /* SceneDelegate.swift in Sources */ = {isa = PBXBuildFile; fileRef = EB50E1CC25E4E98400E9C71F /* SceneDelegate.swift */; };
		EB50E1CF25E4E98400E9C71F /* ViewController.swift in Sources */ = {isa = PBXBuildFile; fileRef = EB50E1CE25E4E98400E9C71F /* ViewController.swift */; };
		EB50E1D225E4E98400E9C71F /* Main.storyboard in Resources */ = {isa = PBXBuildFile; fileRef = EB50E1D025E4E98400E9C71F /* Main.storyboard */; };
		EB50E1D425E4E98700E9C71F /* Assets.xcassets in Resources */ = {isa = PBXBuildFile; fileRef = EB50E1D325E4E98700E9C71F /* Assets.xcassets */; };
		EB50E1D725E4E98700E9C71F /* LaunchScreen.storyboard in Resources */ = {isa = PBXBuildFile; fileRef = EB50E1D525E4E98700E9C71F /* LaunchScreen.storyboard */; };
		EB50E1E025E4ED2900E9C71F /* CurrentCasesData.swift in Sources */ = {isa = PBXBuildFile; fileRef = EB50E1DF25E4ED2900E9C71F /* CurrentCasesData.swift */; };
		EB50E1E625E508B900E9C71F /* NetworkCovidManager.swift in Sources */ = {isa = PBXBuildFile; fileRef = EB50E1E525E508B900E9C71F /* NetworkCovidManager.swift */; };
		EB50E1EA25E509C600E9C71F /* CurrentCases.swift in Sources */ = {isa = PBXBuildFile; fileRef = EB50E1E925E509C600E9C71F /* CurrentCases.swift */; };
/* End PBXBuildFile section */

/* Begin PBXFileReference section */
		EB4623EB25E574B2005EEF27 /* CustomTableViewCell.swift */ = {isa = PBXFileReference; lastKnownFileType = sourcecode.swift; path = CustomTableViewCell.swift; sourceTree = "<group>"; };
		EB50E1C725E4E98400E9C71F /* Covid Monitor.app */ = {isa = PBXFileReference; explicitFileType = wrapper.application; includeInIndex = 0; path = "Covid Monitor.app"; sourceTree = BUILT_PRODUCTS_DIR; };
		EB50E1CA25E4E98400E9C71F /* AppDelegate.swift */ = {isa = PBXFileReference; lastKnownFileType = sourcecode.swift; path = AppDelegate.swift; sourceTree = "<group>"; };
		EB50E1CC25E4E98400E9C71F /* SceneDelegate.swift */ = {isa = PBXFileReference; lastKnownFileType = sourcecode.swift; path = SceneDelegate.swift; sourceTree = "<group>"; };
		EB50E1CE25E4E98400E9C71F /* ViewController.swift */ = {isa = PBXFileReference; lastKnownFileType = sourcecode.swift; path = ViewController.swift; sourceTree = "<group>"; };
		EB50E1D125E4E98400E9C71F /* Base */ = {isa = PBXFileReference; lastKnownFileType = file.storyboard; name = Base; path = Base.lproj/Main.storyboard; sourceTree = "<group>"; };
		EB50E1D325E4E98700E9C71F /* Assets.xcassets */ = {isa = PBXFileReference; lastKnownFileType = folder.assetcatalog; path = Assets.xcassets; sourceTree = "<group>"; };
		EB50E1D625E4E98700E9C71F /* Base */ = {isa = PBXFileReference; lastKnownFileType = file.storyboard; name = Base; path = Base.lproj/LaunchScreen.storyboard; sourceTree = "<group>"; };
		EB50E1D825E4E98700E9C71F /* Info.plist */ = {isa = PBXFileReference; lastKnownFileType = text.plist.xml; path = Info.plist; sourceTree = "<group>"; };
		EB50E1DF25E4ED2900E9C71F /* CurrentCasesData.swift */ = {isa = PBXFileReference; lastKnownFileType = sourcecode.swift; path = CurrentCasesData.swift; sourceTree = "<group>"; };
		EB50E1E525E508B900E9C71F /* NetworkCovidManager.swift */ = {isa = PBXFileReference; lastKnownFileType = sourcecode.swift; path = NetworkCovidManager.swift; sourceTree = "<group>"; };
		EB50E1E925E509C600E9C71F /* CurrentCases.swift */ = {isa = PBXFileReference; lastKnownFileType = sourcecode.swift; path = CurrentCases.swift; sourceTree = "<group>"; };
/* End PBXFileReference section */

/* Begin PBXFrameworksBuildPhase section */
		EB50E1C425E4E98400E9C71F /* Frameworks */ = {
			isa = PBXFrameworksBuildPhase;
			buildActionMask = 2147483647;
			files = (
			);
			runOnlyForDeploymentPostprocessing = 0;
		};
/* End PBXFrameworksBuildPhase section */

/* Begin PBXGroup section */
		EB4623E925E56CF2005EEF27 /* Model */ = {
			isa = PBXGroup;
			children = (
				EB50E1E925E509C600E9C71F /* CurrentCases.swift */,
				EB50E1DF25E4ED2900E9C71F /* CurrentCasesData.swift */,
			);
			name = Model;
			sourceTree = "<group>";
		};
		EB50E1BE25E4E98400E9C71F = {
			isa = PBXGroup;
			children = (
				EB50E1C925E4E98400E9C71F /* Covid Monitor */,
				EB50E1C825E4E98400E9C71F /* Products */,
			);
			sourceTree = "<group>";
		};
		EB50E1C825E4E98400E9C71F /* Products */ = {
			isa = PBXGroup;
			children = (
				EB50E1C725E4E98400E9C71F /* Covid Monitor.app */,
			);
			name = Products;
			sourceTree = "<group>";
		};
		EB50E1C925E4E98400E9C71F /* Covid Monitor */ = {
			isa = PBXGroup;
			children = (
				EBB1340725E6BEDA00AB38EB /* View */,
				EB4623E925E56CF2005EEF27 /* Model */,
				EB50E1CA25E4E98400E9C71F /* AppDelegate.swift */,
				EB50E1CC25E4E98400E9C71F /* SceneDelegate.swift */,
				EB50E1E525E508B900E9C71F /* NetworkCovidManager.swift */,
				EB50E1D025E4E98400E9C71F /* Main.storyboard */,
				EB50E1D325E4E98700E9C71F /* Assets.xcassets */,
				EB50E1D525E4E98700E9C71F /* LaunchScreen.storyboard */,
				EB50E1D825E4E98700E9C71F /* Info.plist */,
			);
			path = "Covid Monitor";
			sourceTree = "<group>";
		};
		EBB1340725E6BEDA00AB38EB /* View */ = {
			isa = PBXGroup;
			children = (
				EB50E1CE25E4E98400E9C71F /* ViewController.swift */,
				EB4623EB25E574B2005EEF27 /* CustomTableViewCell.swift */,
			);
			path = View;
			sourceTree = "<group>";
		};
/* End PBXGroup section */

/* Begin PBXNativeTarget section */
		EB50E1C625E4E98400E9C71F /* Covid Monitor */ = {
			isa = PBXNativeTarget;
			buildConfigurationList = EB50E1DB25E4E98700E9C71F /* Build configuration list for PBXNativeTarget "Covid Monitor" */;
			buildPhases = (
				EB50E1C325E4E98400E9C71F /* Sources */,
				EB50E1C425E4E98400E9C71F /* Frameworks */,
				EB50E1C525E4E98400E9C71F /* Resources */,
			);
			buildRules = (
			);
			dependencies = (
			);
			name = "Covid Monitor";
			productName = "Covid Monitor";
			productReference = EB50E1C725E4E98400E9C71F /* Covid Monitor.app */;
			productType = "com.apple.product-type.application";
		};
/* End PBXNativeTarget section */

/* Begin PBXProject section */
		EB50E1BF25E4E98400E9C71F /* Project object */ = {
			isa = PBXProject;
			attributes = {
				LastSwiftUpdateCheck = 1230;
				LastUpgradeCheck = 1230;
				TargetAttributes = {
					EB50E1C625E4E98400E9C71F = {
						CreatedOnToolsVersion = 12.3;
					};
				};
			};
			buildConfigurationList = EB50E1C225E4E98400E9C71F /* Build configuration list for PBXProject "Covid Monitor" */;
			compatibilityVersion = "Xcode 9.3";
			developmentRegion = en;
			hasScannedForEncodings = 0;
			knownRegions = (
				en,
				Base,
			);
			mainGroup = EB50E1BE25E4E98400E9C71F;
			productRefGroup = EB50E1C825E4E98400E9C71F /* Products */;
			projectDirPath = "";
			projectRoot = "";
			targets = (
				EB50E1C625E4E98400E9C71F /* Covid Monitor */,
			);
		};
/* End PBXProject section */

/* Begin PBXResourcesBuildPhase section */
		EB50E1C525E4E98400E9C71F /* Resources */ = {
			isa = PBXResourcesBuildPhase;
			buildActionMask = 2147483647;
			files = (
				EB50E1D725E4E98700E9C71F /* LaunchScreen.storyboard in Resources */,
				EB50E1D425E4E98700E9C71F /* Assets.xcassets in Resources */,
				EB50E1D225E4E98400E9C71F /* Main.storyboard in Resources */,
			);
			runOnlyForDeploymentPostprocessing = 0;
		};
/* End PBXResourcesBuildPhase section */

/* Begin PBXSourcesBuildPhase section */
		EB50E1C325E4E98400E9C71F /* Sources */ = {
			isa = PBXSourcesBuildPhase;
			buildActionMask = 2147483647;
			files = (
				EB50E1CF25E4E98400E9C71F /* ViewController.swift in Sources */,
				EB50E1CB25E4E98400E9C71F /* AppDelegate.swift in Sources */,
				EB50E1CD25E4E98400E9C71F /* SceneDelegate.swift in Sources */,
				EB4623EC25E574B2005EEF27 /* CustomTableViewCell.swift in Sources */,
				EB50E1E625E508B900E9C71F /* NetworkCovidManager.swift in Sources */,
				EB50E1E025E4ED2900E9C71F /* CurrentCasesData.swift in Sources */,
				EB50E1EA25E509C600E9C71F /* CurrentCases.swift in Sources */,
			);
			runOnlyForDeploymentPostprocessing = 0;
		};
/* End PBXSourcesBuildPhase section */

/* Begin PBXVariantGroup section */
		EB50E1D025E4E98400E9C71F /* Main.storyboard */ = {
			isa = PBXVariantGroup;
			children = (
				EB50E1D125E4E98400E9C71F /* Base */,
			);
			name = Main.storyboard;
			sourceTree = "<group>";
		};
		EB50E1D525E4E98700E9C71F /* LaunchScreen.storyboard */ = {
			isa = PBXVariantGroup;
			children = (
				EB50E1D625E4E98700E9C71F /* Base */,
			);
			name = LaunchScreen.storyboard;
			sourceTree = "<group>";
		};
/* End PBXVariantGroup section */

/* Begin XCBuildConfiguration section */
		EB50E1D925E4E98700E9C71F /* Debug */ = {
			isa = XCBuildConfiguration;
			buildSettings = {
				ALWAYS_SEARCH_USER_PATHS = NO;
				CLANG_ANALYZER_NONNULL = YES;
				CLANG_ANALYZER_NUMBER_OBJECT_CONVERSION = YES_AGGRESSIVE;
				CLANG_CXX_LANGUAGE_STANDARD = "gnu++14";
				CLANG_CXX_LIBRARY = "libc++";
				CLANG_ENABLE_MODULES = YES;
				CLANG_ENABLE_OBJC_ARC = YES;
				CLANG_ENABLE_OBJC_WEAK = YES;
				CLANG_WARN_BLOCK_CAPTURE_AUTORELEASING = YES;
				CLANG_WARN_BOOL_CONVERSION = YES;
				CLANG_WARN_COMMA = YES;
				CLANG_WARN_CONSTANT_CONVERSION = YES;
				CLANG_WARN_DEPRECATED_OBJC_IMPLEMENTATIONS = YES;
				CLANG_WARN_DIRECT_OBJC_ISA_USAGE = YES_ERROR;
				CLANG_WARN_DOCUMENTATION_COMMENTS = YES;
				CLANG_WARN_EMPTY_BODY = YES;
				CLANG_WARN_ENUM_CONVERSION = YES;
				CLANG_WARN_INFINITE_RECURSION = YES;
				CLANG_WARN_INT_CONVERSION = YES;
				CLANG_WARN_NON_LITERAL_NULL_CONVERSION = YES;
				CLANG_WARN_OBJC_IMPLICIT_RETAIN_SELF = YES;
				CLANG_WARN_OBJC_LITERAL_CONVERSION = YES;
				CLANG_WARN_OBJC_ROOT_CLASS = YES_ERROR;
				CLANG_WARN_QUOTED_INCLUDE_IN_FRAMEWORK_HEADER = YES;
				CLANG_WARN_RANGE_LOOP_ANALYSIS = YES;
				CLANG_WARN_STRICT_PROTOTYPES = YES;
				CLANG_WARN_SUSPICIOUS_MOVE = YES;
				CLANG_WARN_UNGUARDED_AVAILABILITY = YES_AGGRESSIVE;
				CLANG_WARN_UNREACHABLE_CODE = YES;
				CLANG_WARN__DUPLICATE_METHOD_MATCH = YES;
				COPY_PHASE_STRIP = NO;
				DEBUG_INFORMATION_FORMAT = dwarf;
				ENABLE_STRICT_OBJC_MSGSEND = YES;
				ENABLE_TESTABILITY = YES;
				GCC_C_LANGUAGE_STANDARD = gnu11;
				GCC_DYNAMIC_NO_PIC = NO;
				GCC_NO_COMMON_BLOCKS = YES;
				GCC_OPTIMIZATION_LEVEL = 0;
				GCC_PREPROCESSOR_DEFINITIONS = (
					"DEBUG=1",
					"$(inherited)",
				);
				GCC_WARN_64_TO_32_BIT_CONVERSION = YES;
				GCC_WARN_ABOUT_RETURN_TYPE = YES_ERROR;
				GCC_WARN_UNDECLARED_SELECTOR = YES;
				GCC_WARN_UNINITIALIZED_AUTOS = YES_AGGRESSIVE;
				GCC_WARN_UNUSED_FUNCTION = YES;
				GCC_WARN_UNUSED_VARIABLE = YES;
				IPHONEOS_DEPLOYMENT_TARGET = 14.3;
				MTL_ENABLE_DEBUG_INFO = INCLUDE_SOURCE;
				MTL_FAST_MATH = YES;
				ONLY_ACTIVE_ARCH = YES;
				SDKROOT = iphoneos;
				SWIFT_ACTIVE_COMPILATION_CONDITIONS = DEBUG;
				SWIFT_OPTIMIZATION_LEVEL = "-Onone";
			};
			name = Debug;
		};
		EB50E1DA25E4E98700E9C71F /* Release */ = {
			isa = XCBuildConfiguration;
			buildSettings = {
				ALWAYS_SEARCH_USER_PATHS = NO;
				CLANG_ANALYZER_NONNULL = YES;
				CLANG_ANALYZER_NUMBER_OBJECT_CONVERSION = YES_AGGRESSIVE;
				CLANG_CXX_LANGUAGE_STANDARD = "gnu++14";
				CLANG_CXX_LIBRARY = "libc++";
				CLANG_ENABLE_MODULES = YES;
				CLANG_ENABLE_OBJC_ARC = YES;
				CLANG_ENABLE_OBJC_WEAK = YES;
				CLANG_WARN_BLOCK_CAPTURE_AUTORELEASING = YES;
				CLANG_WARN_BOOL_CONVERSION = YES;
				CLANG_WARN_COMMA = YES;
				CLANG_WARN_CONSTANT_CONVERSION = YES;
				CLANG_WARN_DEPRECATED_OBJC_IMPLEMENTATIONS = YES;
				CLANG_WARN_DIRECT_OBJC_ISA_USAGE = YES_ERROR;
				CLANG_WARN_DOCUMENTATION_COMMENTS = YES;
				CLANG_WARN_EMPTY_BODY = YES;
				CLANG_WARN_ENUM_CONVERSION = YES;
				CLANG_WARN_INFINITE_RECURSION = YES;
				CLANG_WARN_INT_CONVERSION = YES;
				CLANG_WARN_NON_LITERAL_NULL_CONVERSION = YES;
				CLANG_WARN_OBJC_IMPLICIT_RETAIN_SELF = YES;
				CLANG_WARN_OBJC_LITERAL_CONVERSION = YES;
				CLANG_WARN_OBJC_ROOT_CLASS = YES_ERROR;
				CLANG_WARN_QUOTED_INCLUDE_IN_FRAMEWORK_HEADER = YES;
				CLANG_WARN_RANGE_LOOP_ANALYSIS = YES;
				CLANG_WARN_STRICT_PROTOTYPES = YES;
				CLANG_WARN_SUSPICIOUS_MOVE = YES;
				CLANG_WARN_UNGUARDED_AVAILABILITY = YES_AGGRESSIVE;
				CLANG_WARN_UNREACHABLE_CODE = YES;
				CLANG_WARN__DUPLICATE_METHOD_MATCH = YES;
				COPY_PHASE_STRIP = NO;
				DEBUG_INFORMATION_FORMAT = "dwarf-with-dsym";
				ENABLE_NS_ASSERTIONS = NO;
				ENABLE_STRICT_OBJC_MSGSEND = YES;
				GCC_C_LANGUAGE_STANDARD = gnu11;
				GCC_NO_COMMON_BLOCKS = YES;
				GCC_WARN_64_TO_32_BIT_CONVERSION = YES;
				GCC_WARN_ABOUT_RETURN_TYPE = YES_ERROR;
				GCC_WARN_UNDECLARED_SELECTOR = YES;
				GCC_WARN_UNINITIALIZED_AUTOS = YES_AGGRESSIVE;
				GCC_WARN_UNUSED_FUNCTION = YES;
				GCC_WARN_UNUSED_VARIABLE = YES;
				IPHONEOS_DEPLOYMENT_TARGET = 14.3;
				MTL_ENABLE_DEBUG_INFO = NO;
				MTL_FAST_MATH = YES;
				SDKROOT = iphoneos;
				SWIFT_COMPILATION_MODE = wholemodule;
				SWIFT_OPTIMIZATION_LEVEL = "-O";
				VALIDATE_PRODUCT = YES;
			};
			name = Release;
		};
		EB50E1DC25E4E98700E9C71F /* Debug */ = {
			isa = XCBuildConfiguration;
			buildSettings = {
				ASSETCATALOG_COMPILER_APPICON_NAME = AppIcon;
				ASSETCATALOG_COMPILER_GLOBAL_ACCENT_COLOR_NAME = AccentColor;
				CODE_SIGN_STYLE = Automatic;
				DEVELOPMENT_TEAM = 63455GEHLW;
				INFOPLIST_FILE = "Covid Monitor/Info.plist";
				LD_RUNPATH_SEARCH_PATHS = (
					"$(inherited)",
					"@executable_path/Frameworks",
				);
				PRODUCT_BUNDLE_IDENTIFIER = "com.pkoyushev.Covid-Monitor";
				PRODUCT_NAME = "$(TARGET_NAME)";
				SWIFT_VERSION = 5.0;
				TARGETED_DEVICE_FAMILY = "1,2";
			};
			name = Debug;
		};
		EB50E1DD25E4E98700E9C71F /* Release */ = {
			isa = XCBuildConfiguration;
			buildSettings = {
				ASSETCATALOG_COMPILER_APPICON_NAME = AppIcon;
				ASSETCATALOG_COMPILER_GLOBAL_ACCENT_COLOR_NAME = AccentColor;
				CODE_SIGN_STYLE = Automatic;
				DEVELOPMENT_TEAM = 63455GEHLW;
				INFOPLIST_FILE = "Covid Monitor/Info.plist";
				LD_RUNPATH_SEARCH_PATHS = (
					"$(inherited)",
					"@executable_path/Frameworks",
				);
				PRODUCT_BUNDLE_IDENTIFIER = "com.pkoyushev.Covid-Monitor";
				PRODUCT_NAME = "$(TARGET_NAME)";
				SWIFT_VERSION = 5.0;
				TARGETED_DEVICE_FAMILY = "1,2";
			};
			name = Release;
		};
/* End XCBuildConfiguration section */

/* Begin XCConfigurationList section */
		EB50E1C225E4E98400E9C71F /* Build configuration list for PBXProject "Covid Monitor" */ = {
			isa = XCConfigurationList;
			buildConfigurations = (
				EB50E1D925E4E98700E9C71F /* Debug */,
				EB50E1DA25E4E98700E9C71F /* Release */,
			);
			defaultConfigurationIsVisible = 0;
			defaultConfigurationName = Release;
		};
		EB50E1DB25E4E98700E9C71F /* Build configuration list for PBXNativeTarget "Covid Monitor" */ = {
			isa = XCConfigurationList;
			buildConfigurations = (
				EB50E1DC25E4E98700E9C71F /* Debug */,
				EB50E1DD25E4E98700E9C71F /* Release */,
			);
			defaultConfigurationIsVisible = 0;
			defaultConfigurationName = Release;
		};
/* End XCConfigurationList section */
	};
	rootObject = EB50E1BF25E4E98400E9C71F /* Project object */;
}
